{
  "name": "ChanThecno",
  "version": "1.0.0",
  "lockfileVersion": 3,
  "requires": true,
  "author": "ChanThecno",
  "description": "Simple ChanThecno npm package",
  "keywords": [
    "chanthecno",
    "ai",
    "automation"
  ],
  "license": "MIT",
  "main": "index.js",
  "packages": {},
  "scripts": {
    "test": "node index.js"
  }
}
